
Microsoft Visual Studio Solution File, Format Version 12.00
# Visual Studio 15
Project("{FAE04EC0-301F-11D3-BF4B-00C04F79EFBC}") = "Assembly-CSharp", "Assembly-CSharp.csproj", "{EF429407-A03F-AED0-4D13-7931CF1ECDB2}"
EndProject
Global
	GlobalSection(SolutionConfigurationPlatforms) = preSolution
		Debug|Any CPU = Debug|Any CPU
		Release|Any CPU = Release|Any CPU
	EndGlobalSection
	GlobalSection(ProjectConfigurationPlatforms) = postSolution
		{EF429407-A03F-AED0-4D13-7931CF1ECDB2}.Debug|Any CPU.ActiveCfg = Debug|Any CPU
		{EF429407-A03F-AED0-4D13-7931CF1ECDB2}.Debug|Any CPU.Build.0 = Debug|Any CPU
		{EF429407-A03F-AED0-4D13-7931CF1ECDB2}.Release|Any CPU.ActiveCfg = Release|Any CPU
		{EF429407-A03F-AED0-4D13-7931CF1ECDB2}.Release|Any CPU.Build.0 = Release|Any CPU
	EndGlobalSection
	GlobalSection(SolutionProperties) = preSolution
		HideSolutionNode = FALSE
	EndGlobalSection
EndGlobal
